
Microsoft Visual Studio Solution File, Format Version 12.00
Project("{FAE04EC0-301F-11D3-BF4B-00C04F79EFBC}") = "aspose.pdf.annotation", "aspose.pdf.annotation\aspose.pdf.annotation.csproj", "{A33868C9-086C-4E1F-98F7-B62F28CB7462}"
EndProject
Global
	GlobalSection(SolutionConfigurationPlatforms) = preSolution
		Debug|Any CPU = Debug|Any CPU
		Release|Any CPU = Release|Any CPU
	EndGlobalSection
	GlobalSection(ProjectConfigurationPlatforms) = postSolution
		{A33868C9-086C-4E1F-98F7-B62F28CB7462}.Debug|Any CPU.ActiveCfg = Debug|Any CPU
		{A33868C9-086C-4E1F-98F7-B62F28CB7462}.Debug|Any CPU.Build.0 = Debug|Any CPU
		{A33868C9-086C-4E1F-98F7-B62F28CB7462}.Release|Any CPU.ActiveCfg = Release|Any CPU
		{A33868C9-086C-4E1F-98F7-B62F28CB7462}.Release|Any CPU.Build.0 = Release|Any CPU
	EndGlobalSection
EndGlobal
